{
  "requires": true,
  "lockfileVersion": 1,
  "dependencies": {
    "@teachablemachine/image": {
      "version": "0.8.4",
      "resolved": "https://registry.npm.taobao.org/@teachablemachine/image/download/@teachablemachine/image-0.8.4.tgz",
      "integrity": "sha1-EdT/4OIeBbaHrKwm/lXP+BeKCmQ=",
      "requires": {
        "autobind-decorator": "^2.4.0",
        "seedrandom": "^2.4.3"
      }
    },
    "@tensorflow/tfjs": {
      "version": "1.5.1",
      "resolved": "https://registry.npm.taobao.org/@tensorflow/tfjs/download/@tensorflow/tfjs-1.5.1.tgz",
      "integrity": "sha1-3BalvMolFOATuH90xJOdYJ7Pa8s=",
      "requires": {
        "@tensorflow/tfjs-converter": "1.5.1",
        "@tensorflow/tfjs-core": "1.5.1",
        "@tensorflow/tfjs-data": "1.5.1",
        "@tensorflow/tfjs-layers": "1.5.1"
      }
    },
    "@tensorflow/tfjs-converter": {
      "version": "1.5.1",
      "resolved": "https://registry.npm.taobao.org/@tensorflow/tfjs-converter/download/@tensorflow/tfjs-converter-1.5.1.tgz",
      "integrity": "sha1-E7diZtUcfn867uJ83GVESkjgFTg="
    },
    "@tensorflow/tfjs-core": {
      "version": "1.5.1",
      "resolved": "https://registry.npm.taobao.org/@tensorflow/tfjs-core/download/@tensorflow/tfjs-core-1.5.1.tgz",
      "integrity": "sha1-SQIJYX90T+9mDo+B/ouFjpWw0Qs=",
      "requires": {
        "@types/offscreencanvas": "~2019.3.0",
        "@types/seedrandom": "2.4.27",
        "@types/webgl-ext": "0.0.30",
        "@types/webgl2": "0.0.4",
        "node-fetch": "~2.1.2",
        "seedrandom": "2.4.3"
      },
      "dependencies": {
        "node-fetch": {
          "version": "2.1.2",
          "resolved": "https://registry.npm.taobao.org/node-fetch/download/node-fetch-2.1.2.tgz",
          "integrity": "sha1-q4hOjn5X44qUR1POxwb3iNF2i7U="
        }
      }
    },
    "@tensorflow/tfjs-data": {
      "version": "1.5.1",
      "resolved": "https://registry.npm.taobao.org/@tensorflow/tfjs-data/download/@tensorflow/tfjs-data-1.5.1.tgz",
      "integrity": "sha1-yv27zj2b8HE0szSqXKi/RsWAKjs=",
      "requires": {
        "@types/node-fetch": "^2.1.2",
        "node-fetch": "~2.1.2"
      },
      "dependencies": {
        "node-fetch": {
          "version": "2.1.2",
          "resolved": "https://registry.npm.taobao.org/node-fetch/download/node-fetch-2.1.2.tgz",
          "integrity": "sha1-q4hOjn5X44qUR1POxwb3iNF2i7U="
        }
      }
    },
    "@tensorflow/tfjs-layers": {
      "version": "1.5.1",
      "resolved": "https://registry.npm.taobao.org/@tensorflow/tfjs-layers/download/@tensorflow/tfjs-layers-1.5.1.tgz",
      "integrity": "sha1-Uqq4irZGGL+xk6f6/HRDp+2qoVE="
    },
    "@types/node": {
      "version": "13.1.7",
      "resolved": "https://registry.npm.taobao.org/@types/node/download/@types/node-13.1.7.tgz?cache=0&sync_timestamp=1579075468955&other_urls=https%3A%2F%2Fregistry.npm.taobao.org%2F%40types%2Fnode%2Fdownload%2F%40types%2Fnode-13.1.7.tgz",
      "integrity": "sha1-21HSi436z+T7LQ2oj16wouygBnU="
    },
    "@types/node-fetch": {
      "version": "2.5.4",
      "resolved": "https://registry.npm.taobao.org/@types/node-fetch/download/@types/node-fetch-2.5.4.tgz",
      "integrity": "sha1-UkW22IQfw6Ygi4IpERm8EcTgzkQ=",
      "requires": {
        "@types/node": "*"
      }
    },
    "@types/offscreencanvas": {
      "version": "2019.3.0",
      "resolved": "https://registry.npm.taobao.org/@types/offscreencanvas/download/@types/offscreencanvas-2019.3.0.tgz",
      "integrity": "sha1-MzZCjsfpGAz0Vm3+pdoE61hqZVM="
    },
    "@types/seedrandom": {
      "version": "2.4.27",
      "resolved": "https://registry.npm.taobao.org/@types/seedrandom/download/@types/seedrandom-2.4.27.tgz",
      "integrity": "sha1-nbVjk33YaRX2kJK8QyWdL0hXjkE="
    },
    "@types/webgl-ext": {
      "version": "0.0.30",
      "resolved": "https://registry.npm.taobao.org/@types/webgl-ext/download/@types/webgl-ext-0.0.30.tgz",
      "integrity": "sha1-DOSYwWpBoj0VKJ4LhE2UWyXw+50="
    },
    "@types/webgl2": {
      "version": "0.0.4",
      "resolved": "https://registry.npm.taobao.org/@types/webgl2/download/@types/webgl2-0.0.4.tgz",
      "integrity": "sha1-w7D51rRlxmE46E5kyzvfg3PCwnk="
    },
    "ansi-styles": {
      "version": "3.2.1",
      "resolved": "https://registry.npm.taobao.org/ansi-styles/download/ansi-styles-3.2.1.tgz",
      "integrity": "sha1-QfuyAkPlCxK+DwS43tvwdSDOhB0=",
      "requires": {
        "color-convert": "^1.9.0"
      }
    },
    "autobind-decorator": {
      "version": "2.4.0",
      "resolved": "https://registry.npm.taobao.org/autobind-decorator/download/autobind-decorator-2.4.0.tgz",
      "integrity": "sha1-6p4cmHCM87WzVvfPnxDyZf8YI5w="
    },
    "color-convert": {
      "version": "1.9.3",
      "resolved": "https://registry.npm.taobao.org/color-convert/download/color-convert-1.9.3.tgz",
      "integrity": "sha1-u3GFBpDh8TZWfeYp0tVHHe2kweg=",
      "requires": {
        "color-name": "1.1.3"
      }
    },
    "color-name": {
      "version": "1.1.3",
      "resolved": "https://registry.npm.taobao.org/color-name/download/color-name-1.1.3.tgz",
      "integrity": "sha1-p9BVi9icQveV3UIyj3QIMcpTvCU="
    },
    "decamelize": {
      "version": "1.2.0",
      "resolved": "https://registry.npm.taobao.org/decamelize/download/decamelize-1.2.0.tgz?cache=0&other_urls=https%3A%2F%2Fregistry.npm.taobao.org%2Fdecamelize%2Fdownload%2Fdecamelize-1.2.0.tgz",
      "integrity": "sha1-9lNNFRSCabIDUue+4m9QH5oZEpA="
    },
    "emoji-regex": {
      "version": "7.0.3",
      "resolved": "https://registry.npm.taobao.org/emoji-regex/download/emoji-regex-7.0.3.tgz",
      "integrity": "sha1-kzoEBShgyF6DwSJHnEdIqOTHIVY="
    },
    "js-tokens": {
      "version": "4.0.0",
      "resolved": "https://registry.npm.taobao.org/js-tokens/download/js-tokens-4.0.0.tgz",
      "integrity": "sha1-GSA/tZmR35jjoocFDUZHzerzJJk="
    },
    "lodash": {
      "version": "4.17.15",
      "resolved": "https://registry.npm.taobao.org/lodash/download/lodash-4.17.15.tgz",
      "integrity": "sha1-tEf2ZwoEVbv+7dETku/zMOoJdUg="
    },
    "loose-envify": {
      "version": "1.4.0",
      "resolved": "https://registry.npm.taobao.org/loose-envify/download/loose-envify-1.4.0.tgz",
      "integrity": "sha1-ce5R+nvkyuwaY4OffmgtgTLTDK8=",
      "requires": {
        "js-tokens": "^3.0.0 || ^4.0.0"
      }
    },
    "object-assign": {
      "version": "4.1.1",
      "resolved": "https://registry.npm.taobao.org/object-assign/download/object-assign-4.1.1.tgz",
      "integrity": "sha1-IQmtx5ZYh8/AXLvUQsrIv7s2CGM="
    },
    "path-exists": {
      "version": "3.0.0",
      "resolved": "https://registry.npm.taobao.org/path-exists/download/path-exists-3.0.0.tgz",
      "integrity": "sha1-zg6+ql94yxiSXqfYENe1mwEP1RU="
    },
    "prop-types": {
      "version": "15.7.2",
      "resolved": "https://registry.npm.taobao.org/prop-types/download/prop-types-15.7.2.tgz",
      "integrity": "sha1-UsQedbjIfnK52TYOAga5ncv/psU=",
      "requires": {
        "loose-envify": "^1.4.0",
        "object-assign": "^4.1.1",
        "react-is": "^16.8.1"
      }
    },
    "react-is": {
      "version": "16.12.0",
      "resolved": "https://registry.npm.taobao.org/react-is/download/react-is-16.12.0.tgz",
      "integrity": "sha1-LMD+D7p0LZf9UnxCoTvsTusGJBw="
    },
    "react-native-slider": {
      "version": "0.11.0",
      "resolved": "https://registry.npm.taobao.org/react-native-slider/download/react-native-slider-0.11.0.tgz",
      "integrity": "sha1-tooLxDyEIrJM1XlHzFrCvNtY+tw=",
      "requires": {
        "prop-types": "^15.5.6"
      }
    },
    "react-native-vector-icons": {
      "version": "6.6.0",
      "resolved": "https://registry.npm.taobao.org/react-native-vector-icons/download/react-native-vector-icons-6.6.0.tgz",
      "integrity": "sha1-Zs8ASRjrBdkHeNZL1CB3wYANSBs=",
      "requires": {
        "lodash": "^4.0.0",
        "prop-types": "^15.6.2",
        "yargs": "^13.2.2"
      },
      "dependencies": {
        "ansi-regex": {
          "version": "4.1.0",
          "resolved": "https://registry.npm.taobao.org/ansi-regex/download/ansi-regex-4.1.0.tgz",
          "integrity": "sha1-i5+PCM8ay4Q3Vqg5yox+MWjFGZc="
        },
        "camelcase": {
          "version": "5.3.1",
          "resolved": "https://registry.npm.taobao.org/camelcase/download/camelcase-5.3.1.tgz",
          "integrity": "sha1-48mzFWnhBoEd8kL3FXJaH0xJQyA="
        },
        "cliui": {
          "version": "5.0.0",
          "resolved": "https://registry.npm.taobao.org/cliui/download/cliui-5.0.0.tgz",
          "integrity": "sha1-3u/P2y6AB4SqNPRvoI4GhRx7u8U=",
          "requires": {
            "string-width": "^3.1.0",
            "strip-ansi": "^5.2.0",
            "wrap-ansi": "^5.1.0"
          }
        },
        "find-up": {
          "version": "3.0.0",
          "resolved": "https://registry.npm.taobao.org/find-up/download/find-up-3.0.0.tgz?cache=0&sync_timestamp=1560752454611&other_urls=https%3A%2F%2Fregistry.npm.taobao.org%2Ffind-up%2Fdownload%2Ffind-up-3.0.0.tgz",
          "integrity": "sha1-SRafHXmTQwZG2mHsxa41XCHJe3M=",
          "requires": {
            "locate-path": "^3.0.0"
          }
        },
        "get-caller-file": {
          "version": "2.0.5",
          "resolved": "https://registry.npm.taobao.org/get-caller-file/download/get-caller-file-2.0.5.tgz",
          "integrity": "sha1-T5RBKoLbMvNuOwuXQfipf+sDH34="
        },
        "is-fullwidth-code-point": {
          "version": "2.0.0",
          "resolved": "https://registry.npm.taobao.org/is-fullwidth-code-point/download/is-fullwidth-code-point-2.0.0.tgz",
          "integrity": "sha1-o7MKXE8ZkYMWeqq5O+764937ZU8="
        },
        "locate-path": {
          "version": "3.0.0",
          "resolved": "https://registry.npm.taobao.org/locate-path/download/locate-path-3.0.0.tgz",
          "integrity": "sha1-2+w7OrdZdYBxtY/ln8QYca8hQA4=",
          "requires": {
            "p-locate": "^3.0.0",
            "path-exists": "^3.0.0"
          }
        },
        "p-limit": {
          "version": "2.2.2",
          "resolved": "https://registry.npm.taobao.org/p-limit/download/p-limit-2.2.2.tgz?cache=0&sync_timestamp=1577904573365&other_urls=https%3A%2F%2Fregistry.npm.taobao.org%2Fp-limit%2Fdownload%2Fp-limit-2.2.2.tgz",
          "integrity": "sha1-YSebZ3IfUoeqHBOpp/u8SMkpGx4=",
          "requires": {
            "p-try": "^2.0.0"
          }
        },
        "p-locate": {
          "version": "3.0.0",
          "resolved": "https://registry.npm.taobao.org/p-locate/download/p-locate-3.0.0.tgz",
          "integrity": "sha1-Mi1poFwCZLJZl9n0DNiokasAZKQ=",
          "requires": {
            "p-limit": "^2.0.0"
          }
        },
        "p-try": {
          "version": "2.2.0",
          "resolved": "https://registry.npm.taobao.org/p-try/download/p-try-2.2.0.tgz",
          "integrity": "sha1-yyhoVA4xPWHeWPr741zpAE1VQOY="
        },
        "require-main-filename": {
          "version": "2.0.0",
          "resolved": "https://registry.npm.taobao.org/require-main-filename/download/require-main-filename-2.0.0.tgz?cache=0&other_urls=https%3A%2F%2Fregistry.npm.taobao.org%2Frequire-main-filename%2Fdownload%2Frequire-main-filename-2.0.0.tgz",
          "integrity": "sha1-0LMp7MfMD2Fkn2IhW+aa9UqomJs="
        },
        "string-width": {
          "version": "3.1.0",
          "resolved": "https://registry.npm.taobao.org/string-width/download/string-width-3.1.0.tgz",
          "integrity": "sha1-InZ74htirxCBV0MG9prFG2IgOWE=",
          "requires": {
            "emoji-regex": "^7.0.1",
            "is-fullwidth-code-point": "^2.0.0",
            "strip-ansi": "^5.1.0"
          }
        },
        "strip-ansi": {
          "version": "5.2.0",
          "resolved": "https://registry.npm.taobao.org/strip-ansi/download/strip-ansi-5.2.0.tgz",
          "integrity": "sha1-jJpTb+tq/JYr36WxBKUJHBrZwK4=",
          "requires": {
            "ansi-regex": "^4.1.0"
          }
        },
        "wrap-ansi": {
          "version": "5.1.0",
          "resolved": "https://registry.npm.taobao.org/wrap-ansi/download/wrap-ansi-5.1.0.tgz",
          "integrity": "sha1-H9H2cjXVttD+54EFYAG/tpTAOwk=",
          "requires": {
            "ansi-styles": "^3.2.0",
            "string-width": "^3.0.0",
            "strip-ansi": "^5.0.0"
          }
        },
        "y18n": {
          "version": "4.0.0",
          "resolved": "https://registry.npm.taobao.org/y18n/download/y18n-4.0.0.tgz",
          "integrity": "sha1-le+U+F7MgdAHwmThkKEg8KPIVms="
        },
        "yargs": {
          "version": "13.3.0",
          "resolved": "https://registry.npm.taobao.org/yargs/download/yargs-13.3.0.tgz?cache=0&sync_timestamp=1577940943618&other_urls=https%3A%2F%2Fregistry.npm.taobao.org%2Fyargs%2Fdownload%2Fyargs-13.3.0.tgz",
          "integrity": "sha1-TGV6VeB+Xyz5R/ijZlZ8BKDe3IM=",
          "requires": {
            "cliui": "^5.0.0",
            "find-up": "^3.0.0",
            "get-caller-file": "^2.0.1",
            "require-directory": "^2.1.1",
            "require-main-filename": "^2.0.0",
            "set-blocking": "^2.0.0",
            "string-width": "^3.0.0",
            "which-module": "^2.0.0",
            "y18n": "^4.0.0",
            "yargs-parser": "^13.1.1"
          }
        },
        "yargs-parser": {
          "version": "13.1.1",
          "resolved": "https://registry.npm.taobao.org/yargs-parser/download/yargs-parser-13.1.1.tgz",
          "integrity": "sha1-0mBYUyqgbTZf4JH2ofwGsvfl7KA=",
          "requires": {
            "camelcase": "^5.0.0",
            "decamelize": "^1.2.0"
          }
        }
      }
    },
    "require-directory": {
      "version": "2.1.1",
      "resolved": "https://registry.npm.taobao.org/require-directory/download/require-directory-2.1.1.tgz?cache=0&other_urls=https%3A%2F%2Fregistry.npm.taobao.org%2Frequire-directory%2Fdownload%2Frequire-directory-2.1.1.tgz",
      "integrity": "sha1-jGStX9MNqxyXbiNE/+f3kqam30I="
    },
    "seedrandom": {
      "version": "2.4.3",
      "resolved": "https://registry.npm.taobao.org/seedrandom/download/seedrandom-2.4.3.tgz",
      "integrity": "sha1-JDhQTa0zkXMUv/GKxNeU8W1qrsw="
    },
    "set-blocking": {
      "version": "2.0.0",
      "resolved": "https://registry.npm.taobao.org/set-blocking/download/set-blocking-2.0.0.tgz",
      "integrity": "sha1-BF+XgtARrppoA93TgrJDkrPYkPc="
    },
    "uuid": {
      "version": "3.3.3",
      "resolved": "https://registry.npm.taobao.org/uuid/download/uuid-3.3.3.tgz",
      "integrity": "sha1-RWjwIW54dg7h2/Ok0s9T4iQRKGY="
    },
    "which-module": {
      "version": "2.0.0",
      "resolved": "https://registry.npm.taobao.org/which-module/download/which-module-2.0.0.tgz",
      "integrity": "sha1-2e8H3Od7mQK4o6j6SzHD4/fm6Ho="
    }
  }
}
